
Microsoft Visual Studio Solution File, Format Version 12.00
# Visual Studio Version 17
VisualStudioVersion = 17.2.32526.322
MinimumVisualStudioVersion = 10.0.40219.1
Project("{FAE04EC0-301F-11D3-BF4B-00C04F79EFBC}") = "EjerciciosCsharp", "EjerciciosCsharp\EjerciciosCsharp.csproj", "{11301EDE-0666-41C8-96F2-0868CA7D8867}"
EndProject
Global
	GlobalSection(SolutionConfigurationPlatforms) = preSolution
		Debug|Any CPU = Debug|Any CPU
		Release|Any CPU = Release|Any CPU
	EndGlobalSection
	GlobalSection(ProjectConfigurationPlatforms) = postSolution
		{11301EDE-0666-41C8-96F2-0868CA7D8867}.Debug|Any CPU.ActiveCfg = Debug|Any CPU
		{11301EDE-0666-41C8-96F2-0868CA7D8867}.Debug|Any CPU.Build.0 = Debug|Any CPU
		{11301EDE-0666-41C8-96F2-0868CA7D8867}.Release|Any CPU.ActiveCfg = Release|Any CPU
		{11301EDE-0666-41C8-96F2-0868CA7D8867}.Release|Any CPU.Build.0 = Release|Any CPU
	EndGlobalSection
	GlobalSection(SolutionProperties) = preSolution
		HideSolutionNode = FALSE
	EndGlobalSection
	GlobalSection(ExtensibilityGlobals) = postSolution
		SolutionGuid = {59FF380F-0162-4037-B816-20E91EB9446A}
	EndGlobalSection
EndGlobal
